// !$*UTF8*$!
{
	archiveVersion = 1;
	classes = {
	};
	objectVersion = 51;
	objects = {

/* Begin PBXBuildFile section */
		EA4F3AA82652AAB50091E2DC /* AppDelegate.swift in Sources */ = {isa = PBXBuildFile; fileRef = EA4F3AA72652AAB50091E2DC /* AppDelegate.swift */; };
		EA4F3AAA2652AAB50091E2DC /* SceneDelegate.swift in Sources */ = {isa = PBXBuildFile; fileRef = EA4F3AA92652AAB50091E2DC /* SceneDelegate.swift */; };
		EA4F3AAC2652AAB50091E2DC /* ViewController.swift in Sources */ = {isa = PBXBuildFile; fileRef = EA4F3AAB2652AAB50091E2DC /* ViewController.swift */; };
		EA4F3AAF2652AAB50091E2DC /* Main.storyboard in Resources */ = {isa = PBXBuildFile; fileRef = EA4F3AAD2652AAB50091E2DC /* Main.storyboard */; };
		EA4F3AB12652AAC50091E2DC /* Assets.xcassets in Resources */ = {isa = PBXBuildFile; fileRef = EA4F3AB02652AAC50091E2DC /* Assets.xcassets */; };
		EA4F3AB42652AAC50091E2DC /* LaunchScreen.storyboard in Resources */ = {isa = PBXBuildFile; fileRef = EA4F3AB22652AAC50091E2DC /* LaunchScreen.storyboard */; };
		EA4F3ABC265BD73A0091E2DC /* CustomTableViewCell.swift in Sources */ = {isa = PBXBuildFile; fileRef = EA4F3ABB265BD73A0091E2DC /* CustomTableViewCell.swift */; };
		EA4F3ABF26602FFC0091E2DC /* Снимок экрана 2021-05-27 в 23.51.09.png in Resources */ = {isa = PBXBuildFile; fileRef = EA4F3ABE26602FFC0091E2DC /* Снимок экрана 2021-05-27 в 23.51.09.png */; };
		F4F5FD8AFE415F0CAA09A3E3 /* Pods_F_ckYourMoney.framework in Frameworks */ = {isa = PBXBuildFile; fileRef = 08EBE002365D3D19DA67FD6D /* Pods_F_ckYourMoney.framework */; };
/* End PBXBuildFile section */

/* Begin PBXFileReference section */
		08EBE002365D3D19DA67FD6D /* Pods_F_ckYourMoney.framework */ = {isa = PBXFileReference; explicitFileType = wrapper.framework; includeInIndex = 0; path = Pods_F_ckYourMoney.framework; sourceTree = BUILT_PRODUCTS_DIR; };
		60841181E1A751F479DE34AE /* Pods-F@ckYourMoney.release.xcconfig */ = {isa = PBXFileReference; includeInIndex = 1; lastKnownFileType = text.xcconfig; name = "Pods-F@ckYourMoney.release.xcconfig"; path = "Target Support Files/Pods-F@ckYourMoney/Pods-F@ckYourMoney.release.xcconfig"; sourceTree = "<group>"; };
		E46EFDE7A1A06675A80E547F /* Pods-F@ckYourMoney.debug.xcconfig */ = {isa = PBXFileReference; includeInIndex = 1; lastKnownFileType = text.xcconfig; name = "Pods-F@ckYourMoney.debug.xcconfig"; path = "Target Support Files/Pods-F@ckYourMoney/Pods-F@ckYourMoney.debug.xcconfig"; sourceTree = "<group>"; };
		EA4F3AA42652AAB50091E2DC /* F@ckYourMoney.app */ = {isa = PBXFileReference; explicitFileType = wrapper.application; includeInIndex = 0; path = "F@ckYourMoney.app"; sourceTree = BUILT_PRODUCTS_DIR; };
		EA4F3AA72652AAB50091E2DC /* AppDelegate.swift */ = {isa = PBXFileReference; lastKnownFileType = sourcecode.swift; path = AppDelegate.swift; sourceTree = "<group>"; };
		EA4F3AA92652AAB50091E2DC /* SceneDelegate.swift */ = {isa = PBXFileReference; lastKnownFileType = sourcecode.swift; path = SceneDelegate.swift; sourceTree = "<group>"; };
		EA4F3AAB2652AAB50091E2DC /* ViewController.swift */ = {isa = PBXFileReference; lastKnownFileType = sourcecode.swift; path = ViewController.swift; sourceTree = "<group>"; };
		EA4F3AAE2652AAB50091E2DC /* Base */ = {isa = PBXFileReference; lastKnownFileType = file.storyboard; name = Base; path = Base.lproj/Main.storyboard; sourceTree = "<group>"; };
		EA4F3AB02652AAC50091E2DC /* Assets.xcassets */ = {isa = PBXFileReference; lastKnownFileType = folder.assetcatalog; path = Assets.xcassets; sourceTree = "<group>"; };
		EA4F3AB32652AAC50091E2DC /* Base */ = {isa = PBXFileReference; lastKnownFileType = file.storyboard; name = Base; path = Base.lproj/LaunchScreen.storyboard; sourceTree = "<group>"; };
		EA4F3AB52652AAC50091E2DC /* Info.plist */ = {isa = PBXFileReference; lastKnownFileType = text.plist.xml; path = Info.plist; sourceTree = "<group>"; };
		EA4F3ABB265BD73A0091E2DC /* CustomTableViewCell.swift */ = {isa = PBXFileReference; lastKnownFileType = sourcecode.swift; path = CustomTableViewCell.swift; sourceTree = "<group>"; };
		EA4F3ABE26602FFC0091E2DC /* Снимок экрана 2021-05-27 в 23.51.09.png */ = {isa = PBXFileReference; lastKnownFileType = image.png; path = "Снимок экрана 2021-05-27 в 23.51.09.png"; sourceTree = "<group>"; };
/* End PBXFileReference section */

/* Begin PBXFrameworksBuildPhase section */
		EA4F3AA12652AAB50091E2DC /* Frameworks */ = {
			isa = PBXFrameworksBuildPhase;
			buildActionMask = 2147483647;
			files = (
				F4F5FD8AFE415F0CAA09A3E3 /* Pods_F_ckYourMoney.framework in Frameworks */,
			);
			runOnlyForDeploymentPostprocessing = 0;
		};
/* End PBXFrameworksBuildPhase section */

/* Begin PBXGroup section */
		C9D6717B80F11E24EFA5EAB3 /* Pods */ = {
			isa = PBXGroup;
			children = (
				E46EFDE7A1A06675A80E547F /* Pods-F@ckYourMoney.debug.xcconfig */,
				60841181E1A751F479DE34AE /* Pods-F@ckYourMoney.release.xcconfig */,
			);
			path = Pods;
			sourceTree = "<group>";
		};
		EA4F3A9B2652AAB50091E2DC = {
			isa = PBXGroup;
			children = (
				EA4F3ABD26602FB80091E2DC /* Screenshots */,
				EA4F3AA62652AAB50091E2DC /* F@ckYourMoney */,
				EA4F3AA52652AAB50091E2DC /* Products */,
				C9D6717B80F11E24EFA5EAB3 /* Pods */,
				FC70EDC7AA1D96C629B930D1 /* Frameworks */,
			);
			sourceTree = "<group>";
		};
		EA4F3AA52652AAB50091E2DC /* Products */ = {
			isa = PBXGroup;
			children = (
				EA4F3AA42652AAB50091E2DC /* F@ckYourMoney.app */,
			);
			name = Products;
			sourceTree = "<group>";
		};
		EA4F3AA62652AAB50091E2DC /* F@ckYourMoney */ = {
			isa = PBXGroup;
			children = (
				EA4F3AA72652AAB50091E2DC /* AppDelegate.swift */,
				EA4F3AA92652AAB50091E2DC /* SceneDelegate.swift */,
				EA4F3AAB2652AAB50091E2DC /* ViewController.swift */,
				EA4F3ABB265BD73A0091E2DC /* CustomTableViewCell.swift */,
				EA4F3AAD2652AAB50091E2DC /* Main.storyboard */,
				EA4F3AB02652AAC50091E2DC /* Assets.xcassets */,
				EA4F3AB22652AAC50091E2DC /* LaunchScreen.storyboard */,
				EA4F3AB52652AAC50091E2DC /* Info.plist */,
			);
			path = "F@ckYourMoney";
			sourceTree = "<group>";
		};
		EA4F3ABD26602FB80091E2DC /* Screenshots */ = {
			isa = PBXGroup;
			children = (
				EA4F3ABE26602FFC0091E2DC /* Снимок экрана 2021-05-27 в 23.51.09.png */,
			);
			path = Screenshots;
			sourceTree = "<group>";
		};
		FC70EDC7AA1D96C629B930D1 /* Frameworks */ = {
			isa = PBXGroup;
			children = (
				08EBE002365D3D19DA67FD6D /* Pods_F_ckYourMoney.framework */,
			);
			name = Frameworks;
			sourceTree = "<group>";
		};
/* End PBXGroup section */

/* Begin PBXNativeTarget section */
		EA4F3AA32652AAB50091E2DC /* F@ckYourMoney */ = {
			isa = PBXNativeTarget;
			buildConfigurationList = EA4F3AB82652AAC50091E2DC /* Build configuration list for PBXNativeTarget "F@ckYourMoney" */;
			buildPhases = (
				E1FA267F16C2856201C04126 /* [CP] Check Pods Manifest.lock */,
				EA4F3AA02652AAB50091E2DC /* Sources */,
				EA4F3AA12652AAB50091E2DC /* Frameworks */,
				EA4F3AA22652AAB50091E2DC /* Resources */,
				7D92EECE357EEEF3AD940864 /* [CP] Embed Pods Frameworks */,
			);
			buildRules = (
			);
			dependencies = (
			);
			name = "F@ckYourMoney";
			productName = "F@ckYourMoney";
			productReference = EA4F3AA42652AAB50091E2DC /* F@ckYourMoney.app */;
			productType = "com.apple.product-type.application";
		};
/* End PBXNativeTarget section */

/* Begin PBXProject section */
		EA4F3A9C2652AAB50091E2DC /* Project object */ = {
			isa = PBXProject;
			attributes = {
				LastSwiftUpdateCheck = 1250;
				LastUpgradeCheck = 1250;
				TargetAttributes = {
					EA4F3AA32652AAB50091E2DC = {
						CreatedOnToolsVersion = 12.5;
					};
				};
			};
			buildConfigurationList = EA4F3A9F2652AAB50091E2DC /* Build configuration list for PBXProject "F@ckYourMoney" */;
			compatibilityVersion = "Xcode 9.3";
			developmentRegion = en;
			hasScannedForEncodings = 0;
			knownRegions = (
				en,
				Base,
			);
			mainGroup = EA4F3A9B2652AAB50091E2DC;
			productRefGroup = EA4F3AA52652AAB50091E2DC /* Products */;
			projectDirPath = "";
			projectRoot = "";
			targets = (
				EA4F3AA32652AAB50091E2DC /* F@ckYourMoney */,
			);
		};
/* End PBXProject section */

/* Begin PBXResourcesBuildPhase section */
		EA4F3AA22652AAB50091E2DC /* Resources */ = {
			isa = PBXResourcesBuildPhase;
			buildActionMask = 2147483647;
			files = (
				EA4F3AB42652AAC50091E2DC /* LaunchScreen.storyboard in Resources */,
				EA4F3AB12652AAC50091E2DC /* Assets.xcassets in Resources */,
				EA4F3AAF2652AAB50091E2DC /* Main.storyboard in Resources */,
				EA4F3ABF26602FFC0091E2DC /* Снимок экрана 2021-05-27 в 23.51.09.png in Resources */,
			);
			runOnlyForDeploymentPostprocessing = 0;
		};
/* End PBXResourcesBuildPhase section */

/* Begin PBXShellScriptBuildPhase section */
		7D92EECE357EEEF3AD940864 /* [CP] Embed Pods Frameworks */ = {
			isa = PBXShellScriptBuildPhase;
			buildActionMask = 2147483647;
			files = (
			);
			inputFileListPaths = (
				"${PODS_ROOT}/Target Support Files/Pods-F@ckYourMoney/Pods-F@ckYourMoney-frameworks-${CONFIGURATION}-input-files.xcfilelist",
			);
			name = "[CP] Embed Pods Frameworks";
			outputFileListPaths = (
				"${PODS_ROOT}/Target Support Files/Pods-F@ckYourMoney/Pods-F@ckYourMoney-frameworks-${CONFIGURATION}-output-files.xcfilelist",
			);
			runOnlyForDeploymentPostprocessing = 0;
			shellPath = /bin/sh;
			shellScript = "\"${PODS_ROOT}/Target Support Files/Pods-F@ckYourMoney/Pods-F@ckYourMoney-frameworks.sh\"\n";
			showEnvVarsInLog = 0;
		};
		E1FA267F16C2856201C04126 /* [CP] Check Pods Manifest.lock */ = {
			isa = PBXShellScriptBuildPhase;
			buildActionMask = 2147483647;
			files = (
			);
			inputFileListPaths = (
			);
			inputPaths = (
				"${PODS_PODFILE_DIR_PATH}/Podfile.lock",
				"${PODS_ROOT}/Manifest.lock",
			);
			name = "[CP] Check Pods Manifest.lock";
			outputFileListPaths = (
			);
			outputPaths = (
				"$(DERIVED_FILE_DIR)/Pods-F@ckYourMoney-checkManifestLockResult.txt",
			);
			runOnlyForDeploymentPostprocessing = 0;
			shellPath = /bin/sh;
			shellScript = "diff \"${PODS_PODFILE_DIR_PATH}/Podfile.lock\" \"${PODS_ROOT}/Manifest.lock\" > /dev/null\nif [ $? != 0 ] ; then\n    # print error to STDERR\n    echo \"error: The sandbox is not in sync with the Podfile.lock. Run 'pod install' or update your CocoaPods installation.\" >&2\n    exit 1\nfi\n# This output is used by Xcode 'outputs' to avoid re-running this script phase.\necho \"SUCCESS\" > \"${SCRIPT_OUTPUT_FILE_0}\"\n";
			showEnvVarsInLog = 0;
		};
/* End PBXShellScriptBuildPhase section */

/* Begin PBXSourcesBuildPhase section */
		EA4F3AA02652AAB50091E2DC /* Sources */ = {
			isa = PBXSourcesBuildPhase;
			buildActionMask = 2147483647;
			files = (
				EA4F3AAC2652AAB50091E2DC /* ViewController.swift in Sources */,
				EA4F3AA82652AAB50091E2DC /* AppDelegate.swift in Sources */,
				EA4F3ABC265BD73A0091E2DC /* CustomTableViewCell.swift in Sources */,
				EA4F3AAA2652AAB50091E2DC /* SceneDelegate.swift in Sources */,
			);
			runOnlyForDeploymentPostprocessing = 0;
		};
/* End PBXSourcesBuildPhase section */

/* Begin PBXVariantGroup section */
		EA4F3AAD2652AAB50091E2DC /* Main.storyboard */ = {
			isa = PBXVariantGroup;
			children = (
				EA4F3AAE2652AAB50091E2DC /* Base */,
			);
			name = Main.storyboard;
			sourceTree = "<group>";
		};
		EA4F3AB22652AAC50091E2DC /* LaunchScreen.storyboard */ = {
			isa = PBXVariantGroup;
			children = (
				EA4F3AB32652AAC50091E2DC /* Base */,
			);
			name = LaunchScreen.storyboard;
			sourceTree = "<group>";
		};
/* End PBXVariantGroup section */

/* Begin XCBuildConfiguration section */
		EA4F3AB62652AAC50091E2DC /* Debug */ = {
			isa = XCBuildConfiguration;
			buildSettings = {
				ALWAYS_SEARCH_USER_PATHS = NO;
				CLANG_ANALYZER_NONNULL = YES;
				CLANG_ANALYZER_NUMBER_OBJECT_CONVERSION = YES_AGGRESSIVE;
				CLANG_CXX_LANGUAGE_STANDARD = "gnu++14";
				CLANG_CXX_LIBRARY = "libc++";
				CLANG_ENABLE_MODULES = YES;
				CLANG_ENABLE_OBJC_ARC = YES;
				CLANG_ENABLE_OBJC_WEAK = YES;
				CLANG_WARN_BLOCK_CAPTURE_AUTORELEASING = YES;
				CLANG_WARN_BOOL_CONVERSION = YES;
				CLANG_WARN_COMMA = YES;
				CLANG_WARN_CONSTANT_CONVERSION = YES;
				CLANG_WARN_DEPRECATED_OBJC_IMPLEMENTATIONS = YES;
				CLANG_WARN_DIRECT_OBJC_ISA_USAGE = YES_ERROR;
				CLANG_WARN_DOCUMENTATION_COMMENTS = YES;
				CLANG_WARN_EMPTY_BODY = YES;
				CLANG_WARN_ENUM_CONVERSION = YES;
				CLANG_WARN_INFINITE_RECURSION = YES;
				CLANG_WARN_INT_CONVERSION = YES;
				CLANG_WARN_NON_LITERAL_NULL_CONVERSION = YES;
				CLANG_WARN_OBJC_IMPLICIT_RETAIN_SELF = YES;
				CLANG_WARN_OBJC_LITERAL_CONVERSION = YES;
				CLANG_WARN_OBJC_ROOT_CLASS = YES_ERROR;
				CLANG_WARN_QUOTED_INCLUDE_IN_FRAMEWORK_HEADER = YES;
				CLANG_WARN_RANGE_LOOP_ANALYSIS = YES;
				CLANG_WARN_STRICT_PROTOTYPES = YES;
				CLANG_WARN_SUSPICIOUS_MOVE = YES;
				CLANG_WARN_UNGUARDED_AVAILABILITY = YES_AGGRESSIVE;
				CLANG_WARN_UNREACHABLE_CODE = YES;
				CLANG_WARN__DUPLICATE_METHOD_MATCH = YES;
				COPY_PHASE_STRIP = NO;
				DEBUG_INFORMATION_FORMAT = dwarf;
				ENABLE_STRICT_OBJC_MSGSEND = YES;
				ENABLE_TESTABILITY = YES;
				GCC_C_LANGUAGE_STANDARD = gnu11;
				GCC_DYNAMIC_NO_PIC = NO;
				GCC_NO_COMMON_BLOCKS = YES;
				GCC_OPTIMIZATION_LEVEL = 0;
				GCC_PREPROCESSOR_DEFINITIONS = (
					"DEBUG=1",
					"$(inherited)",
				);
				GCC_WARN_64_TO_32_BIT_CONVERSION = YES;
				GCC_WARN_ABOUT_RETURN_TYPE = YES_ERROR;
				GCC_WARN_UNDECLARED_SELECTOR = YES;
				GCC_WARN_UNINITIALIZED_AUTOS = YES_AGGRESSIVE;
				GCC_WARN_UNUSED_FUNCTION = YES;
				GCC_WARN_UNUSED_VARIABLE = YES;
				IPHONEOS_DEPLOYMENT_TARGET = 14.5;
				MTL_ENABLE_DEBUG_INFO = INCLUDE_SOURCE;
				MTL_FAST_MATH = YES;
				ONLY_ACTIVE_ARCH = YES;
				SDKROOT = iphoneos;
				SWIFT_ACTIVE_COMPILATION_CONDITIONS = DEBUG;
				SWIFT_OPTIMIZATION_LEVEL = "-Onone";
			};
			name = Debug;
		};
		EA4F3AB72652AAC50091E2DC /* Release */ = {
			isa = XCBuildConfiguration;
			buildSettings = {
				ALWAYS_SEARCH_USER_PATHS = NO;
				CLANG_ANALYZER_NONNULL = YES;
				CLANG_ANALYZER_NUMBER_OBJECT_CONVERSION = YES_AGGRESSIVE;
				CLANG_CXX_LANGUAGE_STANDARD = "gnu++14";
				CLANG_CXX_LIBRARY = "libc++";
				CLANG_ENABLE_MODULES = YES;
				CLANG_ENABLE_OBJC_ARC = YES;
				CLANG_ENABLE_OBJC_WEAK = YES;
				CLANG_WARN_BLOCK_CAPTURE_AUTORELEASING = YES;
				CLANG_WARN_BOOL_CONVERSION = YES;
				CLANG_WARN_COMMA = YES;
				CLANG_WARN_CONSTANT_CONVERSION = YES;
				CLANG_WARN_DEPRECATED_OBJC_IMPLEMENTATIONS = YES;
				CLANG_WARN_DIRECT_OBJC_ISA_USAGE = YES_ERROR;
				CLANG_WARN_DOCUMENTATION_COMMENTS = YES;
				CLANG_WARN_EMPTY_BODY = YES;
				CLANG_WARN_ENUM_CONVERSION = YES;
				CLANG_WARN_INFINITE_RECURSION = YES;
				CLANG_WARN_INT_CONVERSION = YES;
				CLANG_WARN_NON_LITERAL_NULL_CONVERSION = YES;
				CLANG_WARN_OBJC_IMPLICIT_RETAIN_SELF = YES;
				CLANG_WARN_OBJC_LITERAL_CONVERSION = YES;
				CLANG_WARN_OBJC_ROOT_CLASS = YES_ERROR;
				CLANG_WARN_QUOTED_INCLUDE_IN_FRAMEWORK_HEADER = YES;
				CLANG_WARN_RANGE_LOOP_ANALYSIS = YES;
				CLANG_WARN_STRICT_PROTOTYPES = YES;
				CLANG_WARN_SUSPICIOUS_MOVE = YES;
				CLANG_WARN_UNGUARDED_AVAILABILITY = YES_AGGRESSIVE;
				CLANG_WARN_UNREACHABLE_CODE = YES;
				CLANG_WARN__DUPLICATE_METHOD_MATCH = YES;
				COPY_PHASE_STRIP = NO;
				DEBUG_INFORMATION_FORMAT = "dwarf-with-dsym";
				ENABLE_NS_ASSERTIONS = NO;
				ENABLE_STRICT_OBJC_MSGSEND = YES;
				GCC_C_LANGUAGE_STANDARD = gnu11;
				GCC_NO_COMMON_BLOCKS = YES;
				GCC_WARN_64_TO_32_BIT_CONVERSION = YES;
				GCC_WARN_ABOUT_RETURN_TYPE = YES_ERROR;
				GCC_WARN_UNDECLARED_SELECTOR = YES;
				GCC_WARN_UNINITIALIZED_AUTOS = YES_AGGRESSIVE;
				GCC_WARN_UNUSED_FUNCTION = YES;
				GCC_WARN_UNUSED_VARIABLE = YES;
				IPHONEOS_DEPLOYMENT_TARGET = 14.5;
				MTL_ENABLE_DEBUG_INFO = NO;
				MTL_FAST_MATH = YES;
				SDKROOT = iphoneos;
				SWIFT_COMPILATION_MODE = wholemodule;
				SWIFT_OPTIMIZATION_LEVEL = "-O";
				VALIDATE_PRODUCT = YES;
			};
			name = Release;
		};
		EA4F3AB92652AAC50091E2DC /* Debug */ = {
			isa = XCBuildConfiguration;
			baseConfigurationReference = E46EFDE7A1A06675A80E547F /* Pods-F@ckYourMoney.debug.xcconfig */;
			buildSettings = {
				ASSETCATALOG_COMPILER_APPICON_NAME = AppIcon;
				ASSETCATALOG_COMPILER_GLOBAL_ACCENT_COLOR_NAME = AccentColor;
				CODE_SIGN_STYLE = Automatic;
				INFOPLIST_FILE = "F@ckYourMoney/Info.plist";
				LD_RUNPATH_SEARCH_PATHS = (
					"$(inherited)",
					"@executable_path/Frameworks",
				);
				PRODUCT_BUNDLE_IDENTIFIER = "IsaikinSergei.F-ckYourMoney";
				PRODUCT_NAME = "$(TARGET_NAME)";
				SWIFT_VERSION = 5.0;
				TARGETED_DEVICE_FAMILY = "1,2";
			};
			name = Debug;
		};
		EA4F3ABA2652AAC50091E2DC /* Release */ = {
			isa = XCBuildConfiguration;
			baseConfigurationReference = 60841181E1A751F479DE34AE /* Pods-F@ckYourMoney.release.xcconfig */;
			buildSettings = {
				ASSETCATALOG_COMPILER_APPICON_NAME = AppIcon;
				ASSETCATALOG_COMPILER_GLOBAL_ACCENT_COLOR_NAME = AccentColor;
				CODE_SIGN_STYLE = Automatic;
				INFOPLIST_FILE = "F@ckYourMoney/Info.plist";
				LD_RUNPATH_SEARCH_PATHS = (
					"$(inherited)",
					"@executable_path/Frameworks",
				);
				PRODUCT_BUNDLE_IDENTIFIER = "IsaikinSergei.F-ckYourMoney";
				PRODUCT_NAME = "$(TARGET_NAME)";
				SWIFT_VERSION = 5.0;
				TARGETED_DEVICE_FAMILY = "1,2";
			};
			name = Release;
		};
/* End XCBuildConfiguration section */

/* Begin XCConfigurationList section */
		EA4F3A9F2652AAB50091E2DC /* Build configuration list for PBXProject "F@ckYourMoney" */ = {
			isa = XCConfigurationList;
			buildConfigurations = (
				EA4F3AB62652AAC50091E2DC /* Debug */,
				EA4F3AB72652AAC50091E2DC /* Release */,
			);
			defaultConfigurationIsVisible = 0;
			defaultConfigurationName = Release;
		};
		EA4F3AB82652AAC50091E2DC /* Build configuration list for PBXNativeTarget "F@ckYourMoney" */ = {
			isa = XCConfigurationList;
			buildConfigurations = (
				EA4F3AB92652AAC50091E2DC /* Debug */,
				EA4F3ABA2652AAC50091E2DC /* Release */,
			);
			defaultConfigurationIsVisible = 0;
			defaultConfigurationName = Release;
		};
/* End XCConfigurationList section */
	};
	rootObject = EA4F3A9C2652AAB50091E2DC /* Project object */;
}
